PODS:
  - Bolts (1.1.4)
  - Expecta (0.3.2)
  - Facebook-iOS-SDK (3.23.0):
    - Bolts (~> 1.0)
  - Facebook-iOS-SDK-RACExtensions (0.0.1):
    - Facebook-iOS-SDK (~> 3.23.0)
    - ReactiveCocoa (~> 2.4.7)
  - ReactiveCocoa (2.4.7):
    - ReactiveCocoa/UI (= 2.4.7)
  - ReactiveCocoa/Core (2.4.7):
    - ReactiveCocoa/no-arc
  - ReactiveCocoa/no-arc (2.4.7)
  - ReactiveCocoa/UI (2.4.7):
    - ReactiveCocoa/Core
  - Specta (0.4.0)

DEPENDENCIES:
  - Expecta
  - Facebook-iOS-SDK-RACExtensions (from `../`)
  - Specta

EXTERNAL SOURCES:
  Facebook-iOS-SDK-RACExtensions:
    :path: ../

SPEC CHECKSUMS:
  Bolts: dd9fb8433d67f5acc3b6b4d1379bbc5513d716c1
  Expecta: ee641011fe10aa1855d487b40e4976dac50ec342
  Facebook-iOS-SDK: 3d65f685348b789e46a9aacf92bfa85b60b63755
  Facebook-iOS-SDK-RACExtensions: a10182039d4758e37aded1f4ae71c86d1b1d9f8a
  ReactiveCocoa: 313fc53cc9aeb2bbbc3f5f13c7eac16478d9af8f
  Specta: 1df326d6ec48603c77f507a0ab1f89ad2df1c582

COCOAPODS: 0.35.0
